
Microsoft Visual Studio Solution File, Format Version 12.00
# Visual Studio Version 17
VisualStudioVersion = 17.3.32901.215
MinimumVisualStudioVersion = 10.0.40219.1
Project("{FAE04EC0-301F-11D3-BF4B-00C04F79EFBC}") = "Desafio-Cadastro", "Desafio-Cadastro\Desafio-Cadastro.csproj", "{ACC59EC8-71DE-43AB-A593-EC0733F9FD40}"
EndProject
Global
	GlobalSection(SolutionConfigurationPlatforms) = preSolution
		Debug|Any CPU = Debug|Any CPU
		Release|Any CPU = Release|Any CPU
	EndGlobalSection
	GlobalSection(ProjectConfigurationPlatforms) = postSolution
		{ACC59EC8-71DE-43AB-A593-EC0733F9FD40}.Debug|Any CPU.ActiveCfg = Debug|Any CPU
		{ACC59EC8-71DE-43AB-A593-EC0733F9FD40}.Debug|Any CPU.Build.0 = Debug|Any CPU
		{ACC59EC8-71DE-43AB-A593-EC0733F9FD40}.Release|Any CPU.ActiveCfg = Release|Any CPU
		{ACC59EC8-71DE-43AB-A593-EC0733F9FD40}.Release|Any CPU.Build.0 = Release|Any CPU
	EndGlobalSection
	GlobalSection(SolutionProperties) = preSolution
		HideSolutionNode = FALSE
	EndGlobalSection
	GlobalSection(ExtensibilityGlobals) = postSolution
		SolutionGuid = {E7C911DF-3109-4D8E-83E9-18550EF02F66}
	EndGlobalSection
EndGlobal
